
Microsoft Visual Studio Solution File, Format Version 12.00
# Visual Studio Version 17
VisualStudioVersion = 17.0.31919.166
MinimumVisualStudioVersion = 10.0.40219.1
Project("{9A19103F-16F7-4668-BE54-9A1E7A4F7556}") = "WalletConnector", "WalletConnector\WalletConnector.csproj", "{4F26A7E0-8807-476F-872B-AC1AF47C4E6D}"
EndProject
Project("{9A19103F-16F7-4668-BE54-9A1E7A4F7556}") = "WalletConnector.Metamask", "WalletConnector.Metamask\WalletConnector.Metamask.csproj", "{B758F3D6-D6D1-4653-8E2F-C251E6B9DE45}"
EndProject
Project("{9A19103F-16F7-4668-BE54-9A1E7A4F7556}") = "WalletConnector.Core", "WalletConnector.Core\WalletConnector.Core.csproj", "{2E278BF3-A91F-4FC8-81A4-00FC769CA2A6}"
EndProject
Project("{2150E333-8FDC-42A3-9474-1A3956D46DE8}") = "Solution Items", "Solution Items", "{574F137A-1E8F-4B6E-9AF1-0989794E3E8C}"
	ProjectSection(SolutionItems) = preProject
		LICENSE = LICENSE
		README.md = README.md
	EndProjectSection
EndProject
Global
	GlobalSection(SolutionConfigurationPlatforms) = preSolution
		Debug|Any CPU = Debug|Any CPU
		Release|Any CPU = Release|Any CPU
	EndGlobalSection
	GlobalSection(ProjectConfigurationPlatforms) = postSolution
		{4F26A7E0-8807-476F-872B-AC1AF47C4E6D}.Debug|Any CPU.ActiveCfg = Debug|Any CPU
		{4F26A7E0-8807-476F-872B-AC1AF47C4E6D}.Debug|Any CPU.Build.0 = Debug|Any CPU
		{4F26A7E0-8807-476F-872B-AC1AF47C4E6D}.Release|Any CPU.ActiveCfg = Release|Any CPU
		{4F26A7E0-8807-476F-872B-AC1AF47C4E6D}.Release|Any CPU.Build.0 = Release|Any CPU
		{B758F3D6-D6D1-4653-8E2F-C251E6B9DE45}.Debug|Any CPU.ActiveCfg = Debug|Any CPU
		{B758F3D6-D6D1-4653-8E2F-C251E6B9DE45}.Debug|Any CPU.Build.0 = Debug|Any CPU
		{B758F3D6-D6D1-4653-8E2F-C251E6B9DE45}.Release|Any CPU.ActiveCfg = Release|Any CPU
		{B758F3D6-D6D1-4653-8E2F-C251E6B9DE45}.Release|Any CPU.Build.0 = Release|Any CPU
		{2E278BF3-A91F-4FC8-81A4-00FC769CA2A6}.Debug|Any CPU.ActiveCfg = Debug|Any CPU
		{2E278BF3-A91F-4FC8-81A4-00FC769CA2A6}.Debug|Any CPU.Build.0 = Debug|Any CPU
		{2E278BF3-A91F-4FC8-81A4-00FC769CA2A6}.Release|Any CPU.ActiveCfg = Release|Any CPU
		{2E278BF3-A91F-4FC8-81A4-00FC769CA2A6}.Release|Any CPU.Build.0 = Release|Any CPU
	EndGlobalSection
	GlobalSection(SolutionProperties) = preSolution
		HideSolutionNode = FALSE
	EndGlobalSection
	GlobalSection(ExtensibilityGlobals) = postSolution
		SolutionGuid = {CC689966-5E56-4A71-9225-0E2689EA31A3}
	EndGlobalSection
EndGlobal
